
Microsoft Visual Studio Solution File, Format Version 12.00
# Visual Studio Version 17
VisualStudioVersion = 17.1.32421.90
MinimumVisualStudioVersion = 10.0.40219.1
Project("{FAE04EC0-301F-11D3-BF4B-00C04F79EFBC}") = "StaticResources.Api", "StaticResources.Api\StaticResources.Api\StaticResources.Api.csproj", "{96A70BC5-7216-4314-8441-69816F6CBA6B}"
EndProject
Global
	GlobalSection(SolutionConfigurationPlatforms) = preSolution
		Debug|Any CPU = Debug|Any CPU
		Release|Any CPU = Release|Any CPU
	EndGlobalSection
	GlobalSection(ProjectConfigurationPlatforms) = postSolution
		{96A70BC5-7216-4314-8441-69816F6CBA6B}.Debug|Any CPU.ActiveCfg = Debug|Any CPU
		{96A70BC5-7216-4314-8441-69816F6CBA6B}.Debug|Any CPU.Build.0 = Debug|Any CPU
		{96A70BC5-7216-4314-8441-69816F6CBA6B}.Release|Any CPU.ActiveCfg = Release|Any CPU
		{96A70BC5-7216-4314-8441-69816F6CBA6B}.Release|Any CPU.Build.0 = Release|Any CPU
	EndGlobalSection
	GlobalSection(SolutionProperties) = preSolution
		HideSolutionNode = FALSE
	EndGlobalSection
	GlobalSection(ExtensibilityGlobals) = postSolution
		SolutionGuid = {DEDF96B3-DB51-4672-9EE0-65EF13644E07}
	EndGlobalSection
EndGlobal
